
Microsoft Visual Studio Solution File, Format Version 12.00
Project("{FAE04EC0-301F-11D3-BF4B-00C04F79EFBC}") = "Pika", "Pika\Pika.csproj", "{10B20CED-2FF1-4078-AA12-69682FC1160B}"
EndProject
Project("{FAE04EC0-301F-11D3-BF4B-00C04F79EFBC}") = "Pika.Tests", "Pika.Tests\Pika.Tests.csproj", "{5858B806-2C7D-4F02-8443-71B8D4D09AE5}"
EndProject
Global
	GlobalSection(SolutionConfigurationPlatforms) = preSolution
		Debug|Any CPU = Debug|Any CPU
		Release|Any CPU = Release|Any CPU
	EndGlobalSection
	GlobalSection(ProjectConfigurationPlatforms) = postSolution
		{10B20CED-2FF1-4078-AA12-69682FC1160B}.Debug|Any CPU.ActiveCfg = Debug|Any CPU
		{10B20CED-2FF1-4078-AA12-69682FC1160B}.Debug|Any CPU.Build.0 = Debug|Any CPU
		{10B20CED-2FF1-4078-AA12-69682FC1160B}.Release|Any CPU.ActiveCfg = Release|Any CPU
		{10B20CED-2FF1-4078-AA12-69682FC1160B}.Release|Any CPU.Build.0 = Release|Any CPU
		{5858B806-2C7D-4F02-8443-71B8D4D09AE5}.Debug|Any CPU.ActiveCfg = Debug|Any CPU
		{5858B806-2C7D-4F02-8443-71B8D4D09AE5}.Debug|Any CPU.Build.0 = Debug|Any CPU
		{5858B806-2C7D-4F02-8443-71B8D4D09AE5}.Release|Any CPU.ActiveCfg = Release|Any CPU
		{5858B806-2C7D-4F02-8443-71B8D4D09AE5}.Release|Any CPU.Build.0 = Release|Any CPU
	EndGlobalSection
EndGlobal
